# This file is automatically @generated by Cargo.
# It is not intended for manual editing.
version = 4

[[package]]
name = "dino_persistence"
version = "0.1.0"
dependencies = [
 "dino_sim",
]

[[package]]
name = "dino_protocol"
version = "0.1.0"

[[package]]
name = "dino_server"
version = "0.1.0"
dependencies = [
 "dino_persistence",
 "dino_protocol",
 "dino_sim",
]

[[package]]
name = "dino_sim"
version = "0.1.0"

[[package]]
name = "dino_tools"
version = "0.1.0"
dependencies = [
 "dino_protocol",
 "dino_sim",
]
